
Microsoft Visual Studio Solution File, Format Version 12.00
# Visual Studio Version 17
VisualStudioVersion = 17.9.34714.143
MinimumVisualStudioVersion = 10.0.40219.1
Project("{2150E333-8FDC-42A3-9474-1A3956D46DE8}") = "src", "src", "{8CC30E55-36E7-412E-9E3D-EEA6E7D566B3}"
EndProject
Project("{2150E333-8FDC-42A3-9474-1A3956D46DE8}") = "test", "test", "{3C316575-03B0-42CF-96BB-48631E2D61FD}"
EndProject
Project("{2150E333-8FDC-42A3-9474-1A3956D46DE8}") = "tools", "tools", "{8841A515-6A13-44BC-AE91-C3DA85F62E85}"
EndProject
Project("{9A19103F-16F7-4668-BE54-9A1E7A4F7556}") = "IntervalSets.Benchmark", "tools\IntervalSets.Benchmark\IntervalSets.Benchmark.csproj", "{0F0CFFA0-41C2-473A-B00C-CA93ECE590F2}"
EndProject
Project("{9A19103F-16F7-4668-BE54-9A1E7A4F7556}") = "IntervalSets.Tests", "test\IntervalSets.Tests\IntervalSets.Tests.csproj", "{DC940CD1-231D-4D8C-9BEB-9FDF44FFE82E}"
EndProject
Project("{9A19103F-16F7-4668-BE54-9A1E7A4F7556}") = "IntervalSets", "src\IntervalSets\IntervalSets.csproj", "{A56D594E-947C-47EF-96CB-5E49A3DEB5F4}"
EndProject
Global
	GlobalSection(SolutionConfigurationPlatforms) = preSolution
		Debug|Any CPU = Debug|Any CPU
		Release|Any CPU = Release|Any CPU
	EndGlobalSection
	GlobalSection(ProjectConfigurationPlatforms) = postSolution
		{0F0CFFA0-41C2-473A-B00C-CA93ECE590F2}.Debug|Any CPU.ActiveCfg = Debug|Any CPU
		{0F0CFFA0-41C2-473A-B00C-CA93ECE590F2}.Debug|Any CPU.Build.0 = Debug|Any CPU
		{0F0CFFA0-41C2-473A-B00C-CA93ECE590F2}.Release|Any CPU.ActiveCfg = Release|Any CPU
		{0F0CFFA0-41C2-473A-B00C-CA93ECE590F2}.Release|Any CPU.Build.0 = Release|Any CPU
		{DC940CD1-231D-4D8C-9BEB-9FDF44FFE82E}.Debug|Any CPU.ActiveCfg = Debug|Any CPU
		{DC940CD1-231D-4D8C-9BEB-9FDF44FFE82E}.Debug|Any CPU.Build.0 = Debug|Any CPU
		{DC940CD1-231D-4D8C-9BEB-9FDF44FFE82E}.Release|Any CPU.ActiveCfg = Release|Any CPU
		{DC940CD1-231D-4D8C-9BEB-9FDF44FFE82E}.Release|Any CPU.Build.0 = Release|Any CPU
		{A56D594E-947C-47EF-96CB-5E49A3DEB5F4}.Debug|Any CPU.ActiveCfg = Debug|Any CPU
		{A56D594E-947C-47EF-96CB-5E49A3DEB5F4}.Debug|Any CPU.Build.0 = Debug|Any CPU
		{A56D594E-947C-47EF-96CB-5E49A3DEB5F4}.Release|Any CPU.ActiveCfg = Release|Any CPU
		{A56D594E-947C-47EF-96CB-5E49A3DEB5F4}.Release|Any CPU.Build.0 = Release|Any CPU
	EndGlobalSection
	GlobalSection(SolutionProperties) = preSolution
		HideSolutionNode = FALSE
	EndGlobalSection
	GlobalSection(NestedProjects) = preSolution
		{0F0CFFA0-41C2-473A-B00C-CA93ECE590F2} = {8841A515-6A13-44BC-AE91-C3DA85F62E85}
		{DC940CD1-231D-4D8C-9BEB-9FDF44FFE82E} = {3C316575-03B0-42CF-96BB-48631E2D61FD}
		{A56D594E-947C-47EF-96CB-5E49A3DEB5F4} = {8CC30E55-36E7-412E-9E3D-EEA6E7D566B3}
	EndGlobalSection
	GlobalSection(ExtensibilityGlobals) = postSolution
		SolutionGuid = {A7161AC0-26BC-4C39-9CA6-B1AB56018580}
	EndGlobalSection
EndGlobal
