
Microsoft Visual Studio Solution File, Format Version 12.00
# Visual Studio Version 17
VisualStudioVersion = 17.0.32112.339
MinimumVisualStudioVersion = 10.0.40219.1
Project("{2150E333-8FDC-42A3-9474-1A3956D46DE8}") = "src", "src", "{4F4BD305-6D91-4DE1-8FDC-FE7F2AD0C1B5}"
EndProject
Project("{2150E333-8FDC-42A3-9474-1A3956D46DE8}") = "test", "test", "{9171DB87-1FF7-47BE-89A5-E52E53ACD22F}"
EndProject
Project("{9A19103F-16F7-4668-BE54-9A1E7A4F7556}") = "IntervalRecord.Tests", "test\IntervalRecord.Tests.csproj", "{A1D1D3B1-0A53-4732-96CB-FB84E2F3A063}"
EndProject
Project("{9A19103F-16F7-4668-BE54-9A1E7A4F7556}") = "IntervalRecord", "src\IntervalRecord.csproj", "{377BAD18-DCEB-4C9E-A17D-F3ADC706DE77}"
EndProject
Project("{9A19103F-16F7-4668-BE54-9A1E7A4F7556}") = "InfinityComparable", "Infinity\InfinityComparable.csproj", "{7DEFD68E-5DE5-4DF5-8C44-638E17C7271E}"
EndProject
Project("{FAE04EC0-301F-11D3-BF4B-00C04F79EFBC}") = "InifinityComparable.Tests", "Inifinity.Tests\InifinityComparable.Tests.csproj", "{AA26B04F-7C47-44EF-8F8F-D9D9CA8103D1}"
EndProject
Global
	GlobalSection(SolutionConfigurationPlatforms) = preSolution
		Debug|Any CPU = Debug|Any CPU
		Release|Any CPU = Release|Any CPU
	EndGlobalSection
	GlobalSection(ProjectConfigurationPlatforms) = postSolution
		{A1D1D3B1-0A53-4732-96CB-FB84E2F3A063}.Debug|Any CPU.ActiveCfg = Debug|Any CPU
		{A1D1D3B1-0A53-4732-96CB-FB84E2F3A063}.Debug|Any CPU.Build.0 = Debug|Any CPU
		{A1D1D3B1-0A53-4732-96CB-FB84E2F3A063}.Release|Any CPU.ActiveCfg = Release|Any CPU
		{A1D1D3B1-0A53-4732-96CB-FB84E2F3A063}.Release|Any CPU.Build.0 = Release|Any CPU
		{377BAD18-DCEB-4C9E-A17D-F3ADC706DE77}.Debug|Any CPU.ActiveCfg = Debug|Any CPU
		{377BAD18-DCEB-4C9E-A17D-F3ADC706DE77}.Debug|Any CPU.Build.0 = Debug|Any CPU
		{377BAD18-DCEB-4C9E-A17D-F3ADC706DE77}.Release|Any CPU.ActiveCfg = Release|Any CPU
		{377BAD18-DCEB-4C9E-A17D-F3ADC706DE77}.Release|Any CPU.Build.0 = Release|Any CPU
		{7DEFD68E-5DE5-4DF5-8C44-638E17C7271E}.Debug|Any CPU.ActiveCfg = Debug|Any CPU
		{7DEFD68E-5DE5-4DF5-8C44-638E17C7271E}.Debug|Any CPU.Build.0 = Debug|Any CPU
		{7DEFD68E-5DE5-4DF5-8C44-638E17C7271E}.Release|Any CPU.ActiveCfg = Release|Any CPU
		{7DEFD68E-5DE5-4DF5-8C44-638E17C7271E}.Release|Any CPU.Build.0 = Release|Any CPU
		{AA26B04F-7C47-44EF-8F8F-D9D9CA8103D1}.Debug|Any CPU.ActiveCfg = Debug|Any CPU
		{AA26B04F-7C47-44EF-8F8F-D9D9CA8103D1}.Debug|Any CPU.Build.0 = Debug|Any CPU
		{AA26B04F-7C47-44EF-8F8F-D9D9CA8103D1}.Release|Any CPU.ActiveCfg = Release|Any CPU
		{AA26B04F-7C47-44EF-8F8F-D9D9CA8103D1}.Release|Any CPU.Build.0 = Release|Any CPU
	EndGlobalSection
	GlobalSection(SolutionProperties) = preSolution
		HideSolutionNode = FALSE
	EndGlobalSection
	GlobalSection(NestedProjects) = preSolution
		{A1D1D3B1-0A53-4732-96CB-FB84E2F3A063} = {9171DB87-1FF7-47BE-89A5-E52E53ACD22F}
		{377BAD18-DCEB-4C9E-A17D-F3ADC706DE77} = {4F4BD305-6D91-4DE1-8FDC-FE7F2AD0C1B5}
		{7DEFD68E-5DE5-4DF5-8C44-638E17C7271E} = {4F4BD305-6D91-4DE1-8FDC-FE7F2AD0C1B5}
		{AA26B04F-7C47-44EF-8F8F-D9D9CA8103D1} = {9171DB87-1FF7-47BE-89A5-E52E53ACD22F}
	EndGlobalSection
	GlobalSection(ExtensibilityGlobals) = postSolution
		SolutionGuid = {0B074394-D08E-4672-A958-FCBEABC5935D}
	EndGlobalSection
EndGlobal
