
Microsoft Visual Studio Solution File, Format Version 12.00
# Visual Studio Version 17
VisualStudioVersion = 17.0.32112.339
MinimumVisualStudioVersion = 10.0.40219.1
Project("{2150E333-8FDC-42A3-9474-1A3956D46DE8}") = "src", "src", "{4F4BD305-6D91-4DE1-8FDC-FE7F2AD0C1B5}"
EndProject
Project("{2150E333-8FDC-42A3-9474-1A3956D46DE8}") = "tests", "tests", "{9171DB87-1FF7-47BE-89A5-E52E53ACD22F}"
EndProject
Project("{2150E333-8FDC-42A3-9474-1A3956D46DE8}") = "Solution Items", "Solution Items", "{F858C226-D5B4-4C2E-8DB7-6A16E9BBDF37}"
	ProjectSection(SolutionItems) = preProject
		README.md = README.md
	EndProjectSection
EndProject
Project("{9A19103F-16F7-4668-BE54-9A1E7A4F7556}") = "IntervalRecords", "src\IntervalRecords\IntervalRecords.csproj", "{B633CBAA-C722-44DB-930D-7D9A00C5F02A}"
EndProject
Project("{9A19103F-16F7-4668-BE54-9A1E7A4F7556}") = "IntervalRecords.Tests", "tests\IntervalRecords.Tests\IntervalRecords.Tests.csproj", "{57405DC4-E65D-4CF9-9C3C-6997020B0C76}"
EndProject
Global
	GlobalSection(SolutionConfigurationPlatforms) = preSolution
		Debug|Any CPU = Debug|Any CPU
		Release|Any CPU = Release|Any CPU
	EndGlobalSection
	GlobalSection(ProjectConfigurationPlatforms) = postSolution
		{B633CBAA-C722-44DB-930D-7D9A00C5F02A}.Debug|Any CPU.ActiveCfg = Debug|Any CPU
		{B633CBAA-C722-44DB-930D-7D9A00C5F02A}.Debug|Any CPU.Build.0 = Debug|Any CPU
		{B633CBAA-C722-44DB-930D-7D9A00C5F02A}.Release|Any CPU.ActiveCfg = Release|Any CPU
		{B633CBAA-C722-44DB-930D-7D9A00C5F02A}.Release|Any CPU.Build.0 = Release|Any CPU
		{57405DC4-E65D-4CF9-9C3C-6997020B0C76}.Debug|Any CPU.ActiveCfg = Debug|Any CPU
		{57405DC4-E65D-4CF9-9C3C-6997020B0C76}.Debug|Any CPU.Build.0 = Debug|Any CPU
		{57405DC4-E65D-4CF9-9C3C-6997020B0C76}.Release|Any CPU.ActiveCfg = Release|Any CPU
		{57405DC4-E65D-4CF9-9C3C-6997020B0C76}.Release|Any CPU.Build.0 = Release|Any CPU
	EndGlobalSection
	GlobalSection(SolutionProperties) = preSolution
		HideSolutionNode = FALSE
	EndGlobalSection
	GlobalSection(NestedProjects) = preSolution
		{B633CBAA-C722-44DB-930D-7D9A00C5F02A} = {4F4BD305-6D91-4DE1-8FDC-FE7F2AD0C1B5}
		{57405DC4-E65D-4CF9-9C3C-6997020B0C76} = {9171DB87-1FF7-47BE-89A5-E52E53ACD22F}
	EndGlobalSection
	GlobalSection(ExtensibilityGlobals) = postSolution
		SolutionGuid = {0B074394-D08E-4672-A958-FCBEABC5935D}
	EndGlobalSection
EndGlobal
